
Microsoft Visual Studio Solution File, Format Version 12.00
# Visual Studio Version 16
VisualStudioVersion = 25.0.1705.3
MinimumVisualStudioVersion = 10.0.40219.1
Project("{FAE04EC0-301F-11D3-BF4B-00C04F79EFBC}") = "bookstore-dotNet", "bookstore-dotNet.csproj", "{8C70959F-AB60-4F4D-A480-B811047951C7}"
EndProject
Global
	GlobalSection(SolutionConfigurationPlatforms) = preSolution
		Debug|Any CPU = Debug|Any CPU
		Release|Any CPU = Release|Any CPU
	EndGlobalSection
	GlobalSection(ProjectConfigurationPlatforms) = postSolution
		{8C70959F-AB60-4F4D-A480-B811047951C7}.Debug|Any CPU.ActiveCfg = Debug|Any CPU
		{8C70959F-AB60-4F4D-A480-B811047951C7}.Debug|Any CPU.Build.0 = Debug|Any CPU
		{8C70959F-AB60-4F4D-A480-B811047951C7}.Release|Any CPU.ActiveCfg = Release|Any CPU
		{8C70959F-AB60-4F4D-A480-B811047951C7}.Release|Any CPU.Build.0 = Release|Any CPU
	EndGlobalSection
	GlobalSection(SolutionProperties) = preSolution
		HideSolutionNode = FALSE
	EndGlobalSection
	GlobalSection(ExtensibilityGlobals) = postSolution
		SolutionGuid = {F47A181E-5EBC-409F-A1D2-60EC68C45EBF}
	EndGlobalSection
EndGlobal
